
Microsoft Visual Studio Solution File, Format Version 12.00
# Visual Studio 14
VisualStudioVersion = 14.0.25420.1
MinimumVisualStudioVersion = 10.0.40219.1
Project("{8BC9CEB8-8B4A-11D0-8D11-00A0C91BC942}") = "cAPI", "cAPI\cAPI.vcxproj", "{D4B3C836-F0AF-4C25-8364-99D993F61804}"
	ProjectSection(ProjectDependencies) = postProject
		{C0878B4E-E57C-4D83-9018-84C9474F202F} = {C0878B4E-E57C-4D83-9018-84C9474F202F}
		{99D0F575-38DC-4015-984B-9C80058B969B} = {99D0F575-38DC-4015-984B-9C80058B969B}
	EndProjectSection
EndProject
Project("{8BC9CEB8-8B4A-11D0-8D11-00A0C91BC942}") = "core", "core\core.vcxproj", "{C0878B4E-E57C-4D83-9018-84C9474F202F}"
	ProjectSection(ProjectDependencies) = postProject
		{7E9E0866-FDDD-4D26-9707-982FEC9A4905} = {7E9E0866-FDDD-4D26-9707-982FEC9A4905}
		{99D0F575-38DC-4015-984B-9C80058B969B} = {99D0F575-38DC-4015-984B-9C80058B969B}
	EndProjectSection
EndProject
Project("{8BC9CEB8-8B4A-11D0-8D11-00A0C91BC942}") = "di", "di\di.vcxproj", "{5D7890D1-C197-43A0-9EC5-861979354D56}"
EndProject
Project("{8BC9CEB8-8B4A-11D0-8D11-00A0C91BC942}") = "di_rtlib", "di_rtlib\di_rtlib.vcxproj", "{99D0F575-38DC-4015-984B-9C80058B969B}"
EndProject
Project("{8BC9CEB8-8B4A-11D0-8D11-00A0C91BC942}") = "launcher", "launcher\launcher.vcxproj", "{BCCA6D20-F53D-4A30-81EB-315D28EA0CFA}"
	ProjectSection(ProjectDependencies) = postProject
		{C0878B4E-E57C-4D83-9018-84C9474F202F} = {C0878B4E-E57C-4D83-9018-84C9474F202F}
		{99D0F575-38DC-4015-984B-9C80058B969B} = {99D0F575-38DC-4015-984B-9C80058B969B}
		{5D7890D1-C197-43A0-9EC5-861979354D56} = {5D7890D1-C197-43A0-9EC5-861979354D56}
	EndProjectSection
EndProject
Project("{8BC9CEB8-8B4A-11D0-8D11-00A0C91BC942}") = "main", "main\main.vcxproj", "{5DC3EBDE-17C8-41A6-BB18-A2A2E78DB439}"
	ProjectSection(ProjectDependencies) = postProject
		{BCCA6D20-F53D-4A30-81EB-315D28EA0CFA} = {BCCA6D20-F53D-4A30-81EB-315D28EA0CFA}
	EndProjectSection
EndProject
Project("{8BC9CEB8-8B4A-11D0-8D11-00A0C91BC942}") = "material", "material\material.vcxproj", "{7E46C0D7-262D-4500-92D5-9C0D037E7BE7}"
EndProject
Project("{8BC9CEB8-8B4A-11D0-8D11-00A0C91BC942}") = "ogl_graphics", "ogl_graphics\ogl_graphics.vcxproj", "{3245EB34-0B2C-4AC7-89F1-7E0CB58FB3E1}"
	ProjectSection(ProjectDependencies) = postProject
		{C0878B4E-E57C-4D83-9018-84C9474F202F} = {C0878B4E-E57C-4D83-9018-84C9474F202F}
		{99D0F575-38DC-4015-984B-9C80058B969B} = {99D0F575-38DC-4015-984B-9C80058B969B}
		{7E46C0D7-262D-4500-92D5-9C0D037E7BE7} = {7E46C0D7-262D-4500-92D5-9C0D037E7BE7}
	EndProjectSection
EndProject
Project("{8BC9CEB8-8B4A-11D0-8D11-00A0C91BC942}") = "scene", "scene\scene.vcxproj", "{7E9E0866-FDDD-4D26-9707-982FEC9A4905}"
EndProject
Project("{8BC9CEB8-8B4A-11D0-8D11-00A0C91BC942}") = "win32windowing", "win32windowing\win32windowing.vcxproj", "{72A4BE31-EFB7-43DF-B1E2-0863D7D72F5A}"
	ProjectSection(ProjectDependencies) = postProject
		{C0878B4E-E57C-4D83-9018-84C9474F202F} = {C0878B4E-E57C-4D83-9018-84C9474F202F}
		{99D0F575-38DC-4015-984B-9C80058B969B} = {99D0F575-38DC-4015-984B-9C80058B969B}
	EndProjectSection
EndProject
Global
	GlobalSection(SolutionConfigurationPlatforms) = preSolution
		Debug|x64 = Debug|x64
		Debug|x86 = Debug|x86
		Release|x64 = Release|x64
		Release|x86 = Release|x86
	EndGlobalSection
	GlobalSection(ProjectConfigurationPlatforms) = postSolution
		{D4B3C836-F0AF-4C25-8364-99D993F61804}.Debug|x64.ActiveCfg = Debug|x64
		{D4B3C836-F0AF-4C25-8364-99D993F61804}.Debug|x64.Build.0 = Debug|x64
		{D4B3C836-F0AF-4C25-8364-99D993F61804}.Debug|x86.ActiveCfg = Debug|Win32
		{D4B3C836-F0AF-4C25-8364-99D993F61804}.Debug|x86.Build.0 = Debug|Win32
		{D4B3C836-F0AF-4C25-8364-99D993F61804}.Release|x64.ActiveCfg = Release|x64
		{D4B3C836-F0AF-4C25-8364-99D993F61804}.Release|x64.Build.0 = Release|x64
		{D4B3C836-F0AF-4C25-8364-99D993F61804}.Release|x86.ActiveCfg = Release|Win32
		{D4B3C836-F0AF-4C25-8364-99D993F61804}.Release|x86.Build.0 = Release|Win32
		{C0878B4E-E57C-4D83-9018-84C9474F202F}.Debug|x64.ActiveCfg = Debug|x64
		{C0878B4E-E57C-4D83-9018-84C9474F202F}.Debug|x64.Build.0 = Debug|x64
		{C0878B4E-E57C-4D83-9018-84C9474F202F}.Debug|x86.ActiveCfg = Debug|Win32
		{C0878B4E-E57C-4D83-9018-84C9474F202F}.Debug|x86.Build.0 = Debug|Win32
		{C0878B4E-E57C-4D83-9018-84C9474F202F}.Release|x64.ActiveCfg = Release|x64
		{C0878B4E-E57C-4D83-9018-84C9474F202F}.Release|x64.Build.0 = Release|x64
		{C0878B4E-E57C-4D83-9018-84C9474F202F}.Release|x86.ActiveCfg = Release|Win32
		{C0878B4E-E57C-4D83-9018-84C9474F202F}.Release|x86.Build.0 = Release|Win32
		{5D7890D1-C197-43A0-9EC5-861979354D56}.Debug|x64.ActiveCfg = Debug|x64
		{5D7890D1-C197-43A0-9EC5-861979354D56}.Debug|x64.Build.0 = Debug|x64
		{5D7890D1-C197-43A0-9EC5-861979354D56}.Debug|x86.ActiveCfg = Debug|Win32
		{5D7890D1-C197-43A0-9EC5-861979354D56}.Debug|x86.Build.0 = Debug|Win32
		{5D7890D1-C197-43A0-9EC5-861979354D56}.Release|x64.ActiveCfg = Release|x64
		{5D7890D1-C197-43A0-9EC5-861979354D56}.Release|x64.Build.0 = Release|x64
		{5D7890D1-C197-43A0-9EC5-861979354D56}.Release|x86.ActiveCfg = Release|Win32
		{5D7890D1-C197-43A0-9EC5-861979354D56}.Release|x86.Build.0 = Release|Win32
		{99D0F575-38DC-4015-984B-9C80058B969B}.Debug|x64.ActiveCfg = Debug|x64
		{99D0F575-38DC-4015-984B-9C80058B969B}.Debug|x64.Build.0 = Debug|x64
		{99D0F575-38DC-4015-984B-9C80058B969B}.Debug|x86.ActiveCfg = Debug|Win32
		{99D0F575-38DC-4015-984B-9C80058B969B}.Debug|x86.Build.0 = Debug|Win32
		{99D0F575-38DC-4015-984B-9C80058B969B}.Release|x64.ActiveCfg = Release|x64
		{99D0F575-38DC-4015-984B-9C80058B969B}.Release|x64.Build.0 = Release|x64
		{99D0F575-38DC-4015-984B-9C80058B969B}.Release|x86.ActiveCfg = Release|Win32
		{99D0F575-38DC-4015-984B-9C80058B969B}.Release|x86.Build.0 = Release|Win32
		{BCCA6D20-F53D-4A30-81EB-315D28EA0CFA}.Debug|x64.ActiveCfg = Debug|x64
		{BCCA6D20-F53D-4A30-81EB-315D28EA0CFA}.Debug|x64.Build.0 = Debug|x64
		{BCCA6D20-F53D-4A30-81EB-315D28EA0CFA}.Debug|x86.ActiveCfg = Debug|Win32
		{BCCA6D20-F53D-4A30-81EB-315D28EA0CFA}.Debug|x86.Build.0 = Debug|Win32
		{BCCA6D20-F53D-4A30-81EB-315D28EA0CFA}.Release|x64.ActiveCfg = Release|x64
		{BCCA6D20-F53D-4A30-81EB-315D28EA0CFA}.Release|x64.Build.0 = Release|x64
		{BCCA6D20-F53D-4A30-81EB-315D28EA0CFA}.Release|x86.ActiveCfg = Release|Win32
		{BCCA6D20-F53D-4A30-81EB-315D28EA0CFA}.Release|x86.Build.0 = Release|Win32
		{5DC3EBDE-17C8-41A6-BB18-A2A2E78DB439}.Debug|x64.ActiveCfg = Debug|x64
		{5DC3EBDE-17C8-41A6-BB18-A2A2E78DB439}.Debug|x64.Build.0 = Debug|x64
		{5DC3EBDE-17C8-41A6-BB18-A2A2E78DB439}.Debug|x86.ActiveCfg = Debug|Win32
		{5DC3EBDE-17C8-41A6-BB18-A2A2E78DB439}.Debug|x86.Build.0 = Debug|Win32
		{5DC3EBDE-17C8-41A6-BB18-A2A2E78DB439}.Release|x64.ActiveCfg = Release|x64
		{5DC3EBDE-17C8-41A6-BB18-A2A2E78DB439}.Release|x64.Build.0 = Release|x64
		{5DC3EBDE-17C8-41A6-BB18-A2A2E78DB439}.Release|x86.ActiveCfg = Release|Win32
		{5DC3EBDE-17C8-41A6-BB18-A2A2E78DB439}.Release|x86.Build.0 = Release|Win32
		{7E46C0D7-262D-4500-92D5-9C0D037E7BE7}.Debug|x64.ActiveCfg = Debug|x64
		{7E46C0D7-262D-4500-92D5-9C0D037E7BE7}.Debug|x64.Build.0 = Debug|x64
		{7E46C0D7-262D-4500-92D5-9C0D037E7BE7}.Debug|x86.ActiveCfg = Debug|Win32
		{7E46C0D7-262D-4500-92D5-9C0D037E7BE7}.Debug|x86.Build.0 = Debug|Win32
		{7E46C0D7-262D-4500-92D5-9C0D037E7BE7}.Release|x64.ActiveCfg = Release|x64
		{7E46C0D7-262D-4500-92D5-9C0D037E7BE7}.Release|x64.Build.0 = Release|x64
		{7E46C0D7-262D-4500-92D5-9C0D037E7BE7}.Release|x86.ActiveCfg = Release|Win32
		{7E46C0D7-262D-4500-92D5-9C0D037E7BE7}.Release|x86.Build.0 = Release|Win32
		{3245EB34-0B2C-4AC7-89F1-7E0CB58FB3E1}.Debug|x64.ActiveCfg = Debug|x64
		{3245EB34-0B2C-4AC7-89F1-7E0CB58FB3E1}.Debug|x64.Build.0 = Debug|x64
		{3245EB34-0B2C-4AC7-89F1-7E0CB58FB3E1}.Debug|x86.ActiveCfg = Debug|Win32
		{3245EB34-0B2C-4AC7-89F1-7E0CB58FB3E1}.Debug|x86.Build.0 = Debug|Win32
		{3245EB34-0B2C-4AC7-89F1-7E0CB58FB3E1}.Release|x64.ActiveCfg = Release|x64
		{3245EB34-0B2C-4AC7-89F1-7E0CB58FB3E1}.Release|x64.Build.0 = Release|x64
		{3245EB34-0B2C-4AC7-89F1-7E0CB58FB3E1}.Release|x86.ActiveCfg = Release|Win32
		{3245EB34-0B2C-4AC7-89F1-7E0CB58FB3E1}.Release|x86.Build.0 = Release|Win32
		{7E9E0866-FDDD-4D26-9707-982FEC9A4905}.Debug|x64.ActiveCfg = Debug|x64
		{7E9E0866-FDDD-4D26-9707-982FEC9A4905}.Debug|x64.Build.0 = Debug|x64
		{7E9E0866-FDDD-4D26-9707-982FEC9A4905}.Debug|x86.ActiveCfg = Debug|Win32
		{7E9E0866-FDDD-4D26-9707-982FEC9A4905}.Debug|x86.Build.0 = Debug|Win32
		{7E9E0866-FDDD-4D26-9707-982FEC9A4905}.Release|x64.ActiveCfg = Release|x64
		{7E9E0866-FDDD-4D26-9707-982FEC9A4905}.Release|x64.Build.0 = Release|x64
		{7E9E0866-FDDD-4D26-9707-982FEC9A4905}.Release|x86.ActiveCfg = Release|Win32
		{7E9E0866-FDDD-4D26-9707-982FEC9A4905}.Release|x86.Build.0 = Release|Win32
		{72A4BE31-EFB7-43DF-B1E2-0863D7D72F5A}.Debug|x64.ActiveCfg = Debug|x64
		{72A4BE31-EFB7-43DF-B1E2-0863D7D72F5A}.Debug|x64.Build.0 = Debug|x64
		{72A4BE31-EFB7-43DF-B1E2-0863D7D72F5A}.Debug|x86.ActiveCfg = Debug|Win32
		{72A4BE31-EFB7-43DF-B1E2-0863D7D72F5A}.Debug|x86.Build.0 = Debug|Win32
		{72A4BE31-EFB7-43DF-B1E2-0863D7D72F5A}.Release|x64.ActiveCfg = Release|x64
		{72A4BE31-EFB7-43DF-B1E2-0863D7D72F5A}.Release|x64.Build.0 = Release|x64
		{72A4BE31-EFB7-43DF-B1E2-0863D7D72F5A}.Release|x86.ActiveCfg = Release|Win32
		{72A4BE31-EFB7-43DF-B1E2-0863D7D72F5A}.Release|x86.Build.0 = Release|Win32
	EndGlobalSection
	GlobalSection(SolutionProperties) = preSolution
		HideSolutionNode = FALSE
	EndGlobalSection
EndGlobal
